
Microsoft Visual Studio Solution File, Format Version 12.00
Project("{FAE04EC0-301F-11D3-BF4B-00C04F79EFBC}") = "ForumDev.Domain", "src\ForumDev.Domain\ForumDev.Domain.csproj", "{54D01397-5D46-4979-949F-BF62B7F918B6}"
EndProject
Project("{2150E333-8FDC-42A3-9474-1A3956D46DE8}") = "src", "src", "{BCDCEDC0-B7D3-4989-834C-C67945241FE9}"
EndProject
Global
	GlobalSection(SolutionConfigurationPlatforms) = preSolution
		Debug|Any CPU = Debug|Any CPU
		Release|Any CPU = Release|Any CPU
	EndGlobalSection
	GlobalSection(ProjectConfigurationPlatforms) = postSolution
		{54D01397-5D46-4979-949F-BF62B7F918B6}.Debug|Any CPU.ActiveCfg = Debug|Any CPU
		{54D01397-5D46-4979-949F-BF62B7F918B6}.Debug|Any CPU.Build.0 = Debug|Any CPU
		{54D01397-5D46-4979-949F-BF62B7F918B6}.Release|Any CPU.ActiveCfg = Release|Any CPU
		{54D01397-5D46-4979-949F-BF62B7F918B6}.Release|Any CPU.Build.0 = Release|Any CPU
	EndGlobalSection
	GlobalSection(NestedProjects) = preSolution
		{54D01397-5D46-4979-949F-BF62B7F918B6} = {BCDCEDC0-B7D3-4989-834C-C67945241FE9}
	EndGlobalSection
EndGlobal
